
Microsoft Visual Studio Solution File, Format Version 12.00
# Visual Studio Version 17
VisualStudioVersion = 17.11.35303.130
MinimumVisualStudioVersion = 10.0.40219.1
Project("{FAE04EC0-301F-11D3-BF4B-00C04F79EFBC}") = "TgBot_YT2Audio", "TgBot_YT2Audio\TgBot_YT2Audio.csproj", "{B7EFE729-E713-4418-B483-470DB4EDB20F}"
EndProject
Global
	GlobalSection(SolutionConfigurationPlatforms) = preSolution
		Debug|Any CPU = Debug|Any CPU
		Release|Any CPU = Release|Any CPU
	EndGlobalSection
	GlobalSection(ProjectConfigurationPlatforms) = postSolution
		{B7EFE729-E713-4418-B483-470DB4EDB20F}.Debug|Any CPU.ActiveCfg = Debug|Any CPU
		{B7EFE729-E713-4418-B483-470DB4EDB20F}.Debug|Any CPU.Build.0 = Debug|Any CPU
		{B7EFE729-E713-4418-B483-470DB4EDB20F}.Release|Any CPU.ActiveCfg = Release|Any CPU
		{B7EFE729-E713-4418-B483-470DB4EDB20F}.Release|Any CPU.Build.0 = Release|Any CPU
	EndGlobalSection
	GlobalSection(SolutionProperties) = preSolution
		HideSolutionNode = FALSE
	EndGlobalSection
	GlobalSection(ExtensibilityGlobals) = postSolution
		SolutionGuid = {30948355-4259-418B-8578-5A67C8115AF9}
	EndGlobalSection
EndGlobal
